Microsoft Visual Studio Solution File, Format Version 12.00
# Visual Studio 15
VisualStudioVersion = 15.0.27130.2036
MinimumVisualStudioVersion = 15.0.26124.0
Project("{9A19103F-16F7-4668-BE54-9A1E7A4F7556}") = "TodoMvc", "TodoMvc\TodoMvc.csproj", "{5DA25A12-B435-4B26-A87F-A206E9813DD2}"
EndProject
Global
	GlobalSection(SolutionConfigurationPlatforms) = preSolution
		Debug|Any CPU = Debug|Any CPU
		Debug|x64 = Debug|x64
		Debug|x86 = Debug|x86
		Release|Any CPU = Release|Any CPU
		Release|x64 = Release|x64
		Release|x86 = Release|x86
	EndGlobalSection
	GlobalSection(ProjectConfigurationPlatforms) = postSolution
		{5DA25A12-B435-4B26-A87F-A206E9813DD2}.Debug|Any CPU.ActiveCfg = Debug|Any CPU
		{5DA25A12-B435-4B26-A87F-A206E9813DD2}.Debug|Any CPU.Build.0 = Debug|Any CPU
		{5DA25A12-B435-4B26-A87F-A206E9813DD2}.Debug|x64.ActiveCfg = Debug|Any CPU
		{5DA25A12-B435-4B26-A87F-A206E9813DD2}.Debug|x64.Build.0 = Debug|Any CPU
		{5DA25A12-B435-4B26-A87F-A206E9813DD2}.Debug|x86.ActiveCfg = Debug|Any CPU
		{5DA25A12-B435-4B26-A87F-A206E9813DD2}.Debug|x86.Build.0 = Debug|Any CPU
		{5DA25A12-B435-4B26-A87F-A206E9813DD2}.Release|Any CPU.ActiveCfg = Release|Any CPU
		{5DA25A12-B435-4B26-A87F-A206E9813DD2}.Release|Any CPU.Build.0 = Release|Any CPU
		{5DA25A12-B435-4B26-A87F-A206E9813DD2}.Release|x64.ActiveCfg = Release|Any CPU
		{5DA25A12-B435-4B26-A87F-A206E9813DD2}.Release|x64.Build.0 = Release|Any CPU
		{5DA25A12-B435-4B26-A87F-A206E9813DD2}.Release|x86.ActiveCfg = Release|Any CPU
		{5DA25A12-B435-4B26-A87F-A206E9813DD2}.Release|x86.Build.0 = Release|Any CPU
	EndGlobalSection
	GlobalSection(SolutionProperties) = preSolution
		HideSolutionNode = FALSE
	EndGlobalSection
	GlobalSection(ExtensibilityGlobals) = postSolution
		SolutionGuid = {51C6B2E8-88D8-48FE-A185-CC7192D05383}
	EndGlobalSection
EndGlobal
